
Microsoft Visual Studio Solution File, Format Version 12.00
# Visual Studio Version 17
VisualStudioVersion = 17.7.34221.43
MinimumVisualStudioVersion = 10.0.40219.1
Project("{FAE04EC0-301F-11D3-BF4B-00C04F79EFBC}") = "Finboa  Project", "Finboa  Project\Finboa  Project.csproj", "{8EA234A9-2714-4AB8-B8FB-34B26A7FF80E}"
EndProject
Global
	GlobalSection(SolutionConfigurationPlatforms) = preSolution
		Debug|Any CPU = Debug|Any CPU
		Release|Any CPU = Release|Any CPU
	EndGlobalSection
	GlobalSection(ProjectConfigurationPlatforms) = postSolution
		{8EA234A9-2714-4AB8-B8FB-34B26A7FF80E}.Debug|Any CPU.ActiveCfg = Debug|Any CPU
		{8EA234A9-2714-4AB8-B8FB-34B26A7FF80E}.Debug|Any CPU.Build.0 = Debug|Any CPU
		{8EA234A9-2714-4AB8-B8FB-34B26A7FF80E}.Release|Any CPU.ActiveCfg = Release|Any CPU
		{8EA234A9-2714-4AB8-B8FB-34B26A7FF80E}.Release|Any CPU.Build.0 = Release|Any CPU
	EndGlobalSection
	GlobalSection(SolutionProperties) = preSolution
		HideSolutionNode = FALSE
	EndGlobalSection
	GlobalSection(ExtensibilityGlobals) = postSolution
		SolutionGuid = {DAA1302E-E5A7-457D-8776-1651D8174F41}
	EndGlobalSection
EndGlobal
